Microsoft Visual Studio Solution File, Format Version 12.00
# Visual Studio Version 17
VisualStudioVersion = 17.5.2.0
MinimumVisualStudioVersion = 10.0.40219.1
Project("{FAE04EC0-301F-11D3-BF4B-00C04F79EFBC}") = "TelegramBotLearning", "TelegramBotLearning\TelegramBotLearning.csproj", "{9897325E-206F-406F-A943-AEDB564A9B40}"
EndProject
Global
	GlobalSection(SolutionConfigurationPlatforms) = preSolution
		Debug|Any CPU = Debug|Any CPU
		Release|Any CPU = Release|Any CPU
	EndGlobalSection
	GlobalSection(ProjectConfigurationPlatforms) = postSolution
		{9897325E-206F-406F-A943-AEDB564A9B40}.Debug|Any CPU.ActiveCfg = Debug|Any CPU
		{9897325E-206F-406F-A943-AEDB564A9B40}.Debug|Any CPU.Build.0 = Debug|Any CPU
		{9897325E-206F-406F-A943-AEDB564A9B40}.Release|Any CPU.ActiveCfg = Release|Any CPU
		{9897325E-206F-406F-A943-AEDB564A9B40}.Release|Any CPU.Build.0 = Release|Any CPU
	EndGlobalSection
	GlobalSection(SolutionProperties) = preSolution
		HideSolutionNode = FALSE
	EndGlobalSection
	GlobalSection(ExtensibilityGlobals) = postSolution
		SolutionGuid = {A58BDB26-3126-413E-B518-EF7F81095E9E}
	EndGlobalSection
EndGlobal
